// !$*UTF8*$!
{
	archiveVersion = 1;
	classes = {
	};
	objectVersion = 51;
	objects = {

/* Begin PBXBuildFile section */
		015F43B99F6F9EE212EA9D31 /* Pods_NestedCollectionViewTests.framework in Frameworks */ = {isa = PBXBuildFile; fileRef = EAFC78D8FC5A72338F9BCBAC /* Pods_NestedCollectionViewTests.framework */; };
		30FDADB025BB5AA9006825A2 /* AppDelegate.swift in Sources */ = {isa = PBXBuildFile; fileRef = 30FDADAF25BB5AA9006825A2 /* AppDelegate.swift */; };
		30FDADB225BB5AA9006825A2 /* SceneDelegate.swift in Sources */ = {isa = PBXBuildFile; fileRef = 30FDADB125BB5AA9006825A2 /* SceneDelegate.swift */; };
		30FDADB425BB5AA9006825A2 /* ViewController.swift in Sources */ = {isa = PBXBuildFile; fileRef = 30FDADB325BB5AA9006825A2 /* ViewController.swift */; };
		30FDADB725BB5AA9006825A2 /* Main.storyboard in Resources */ = {isa = PBXBuildFile; fileRef = 30FDADB525BB5AA9006825A2 /* Main.storyboard */; };
		30FDADB925BB5AA9006825A2 /* Assets.xcassets in Resources */ = {isa = PBXBuildFile; fileRef = 30FDADB825BB5AA9006825A2 /* Assets.xcassets */; };
		30FDADBC25BB5AA9006825A2 /* LaunchScreen.storyboard in Resources */ = {isa = PBXBuildFile; fileRef = 30FDADBA25BB5AA9006825A2 /* LaunchScreen.storyboard */; };
		30FDADC725BB5AA9006825A2 /* NestedCollectionViewTests.swift in Sources */ = {isa = PBXBuildFile; fileRef = 30FDADC625BB5AA9006825A2 /* NestedCollectionViewTests.swift */; };
		30FDADD225BB5AA9006825A2 /* NestedCollectionViewUITests.swift in Sources */ = {isa = PBXBuildFile; fileRef = 30FDADD125BB5AA9006825A2 /* NestedCollectionViewUITests.swift */; };
		30FDADF325BB5E76006825A2 /* SliderCell.swift in Sources */ = {isa = PBXBuildFile; fileRef = 30FDADF225BB5E76006825A2 /* SliderCell.swift */; };
		30FDADFE25BB6019006825A2 /* SectionCell.swift in Sources */ = {isa = PBXBuildFile; fileRef = 30FDADFD25BB6019006825A2 /* SectionCell.swift */; };
		30FDAE0925BB6042006825A2 /* ItemSectionCell.swift in Sources */ = {isa = PBXBuildFile; fileRef = 30FDAE0825BB6042006825A2 /* ItemSectionCell.swift */; };
		30FDAE0F25BB61F9006825A2 /* HomeData.swift in Sources */ = {isa = PBXBuildFile; fileRef = 30FDAE0E25BB61F9006825A2 /* HomeData.swift */; };
		30FDAE2325BB7A2B006825A2 /* SectionViewController.swift in Sources */ = {isa = PBXBuildFile; fileRef = 30FDAE2225BB7A2B006825A2 /* SectionViewController.swift */; };
		CEA8DD490CC336D3E74B8833 /* Pods_NestedCollectionView_NestedCollectionViewUITests.framework in Frameworks */ = {isa = PBXBuildFile; fileRef = 407445DEA5C847DCFE986252 /* Pods_NestedCollectionView_NestedCollectionViewUITests.framework */; };
		E3394B71793B3BCA70D16B2D /* Pods_NestedCollectionView.framework in Frameworks */ = {isa = PBXBuildFile; fileRef = 1525430356B1129DB2AD51F2 /* Pods_NestedCollectionView.framework */; };
/* End PBXBuildFile section */

/* Begin PBXContainerItemProxy section */
		30FDADC325BB5AA9006825A2 /* PBXContainerItemProxy */ = {
			isa = PBXContainerItemProxy;
			containerPortal = 30FDADA425BB5AA8006825A2 /* Project object */;
			proxyType = 1;
			remoteGlobalIDString = 30FDADAB25BB5AA9006825A2;
			remoteInfo = NestedCollectionView;
		};
		30FDADCE25BB5AA9006825A2 /* PBXContainerItemProxy */ = {
			isa = PBXContainerItemProxy;
			containerPortal = 30FDADA425BB5AA8006825A2 /* Project object */;
			proxyType = 1;
			remoteGlobalIDString = 30FDADAB25BB5AA9006825A2;
			remoteInfo = NestedCollectionView;
		};
/* End PBXContainerItemProxy section */

/* Begin PBXFileReference section */
		1525430356B1129DB2AD51F2 /* Pods_NestedCollectionView.framework */ = {isa = PBXFileReference; explicitFileType = wrapper.framework; includeInIndex = 0; path = Pods_NestedCollectionView.framework; sourceTree = BUILT_PRODUCTS_DIR; };
		1EF6AB5A12E2C4E07DB6934B /* Pods-NestedCollectionView-NestedCollectionViewUITests.debug.xcconfig */ = {isa = PBXFileReference; includeInIndex = 1; lastKnownFileType = text.xcconfig; name = "Pods-NestedCollectionView-NestedCollectionViewUITests.debug.xcconfig"; path = "Target Support Files/Pods-NestedCollectionView-NestedCollectionViewUITests/Pods-NestedCollectionView-NestedCollectionViewUITests.debug.xcconfig"; sourceTree = "<group>"; };
		30FDADAC25BB5AA9006825A2 /* NestedCollectionView.app */ = {isa = PBXFileReference; explicitFileType = wrapper.application; includeInIndex = 0; path = NestedCollectionView.app; sourceTree = BUILT_PRODUCTS_DIR; };
		30FDADAF25BB5AA9006825A2 /* AppDelegate.swift */ = {isa = PBXFileReference; lastKnownFileType = sourcecode.swift; path = AppDelegate.swift; sourceTree = "<group>"; };
		30FDADB125BB5AA9006825A2 /* SceneDelegate.swift */ = {isa = PBXFileReference; lastKnownFileType = sourcecode.swift; path = SceneDelegate.swift; sourceTree = "<group>"; };
		30FDADB325BB5AA9006825A2 /* ViewController.swift */ = {isa = PBXFileReference; lastKnownFileType = sourcecode.swift; path = ViewController.swift; sourceTree = "<group>"; };
		30FDADB625BB5AA9006825A2 /* Base */ = {isa = PBXFileReference; lastKnownFileType = file.storyboard; name = Base; path = Base.lproj/Main.storyboard; sourceTree = "<group>"; };
		30FDADB825BB5AA9006825A2 /* Assets.xcassets */ = {isa = PBXFileReference; lastKnownFileType = folder.assetcatalog; path = Assets.xcassets; sourceTree = "<group>"; };
		30FDADBB25BB5AA9006825A2 /* Base */ = {isa = PBXFileReference; lastKnownFileType = file.storyboard; name = Base; path = Base.lproj/LaunchScreen.storyboard; sourceTree = "<group>"; };
		30FDADBD25BB5AA9006825A2 /* Info.plist */ = {isa = PBXFileReference; lastKnownFileType = text.plist.xml; path = Info.plist; sourceTree = "<group>"; };
		30FDADC225BB5AA9006825A2 /* NestedCollectionViewTests.xctest */ = {isa = PBXFileReference; explicitFileType = wrapper.cfbundle; includeInIndex = 0; path = NestedCollectionViewTests.xctest; sourceTree = BUILT_PRODUCTS_DIR; };
		30FDADC625BB5AA9006825A2 /* NestedCollectionViewTests.swift */ = {isa = PBXFileReference; lastKnownFileType = sourcecode.swift; path = NestedCollectionViewTests.swift; sourceTree = "<group>"; };
		30FDADC825BB5AA9006825A2 /* Info.plist */ = {isa = PBXFileReference; lastKnownFileType = text.plist.xml; path = Info.plist; sourceTree = "<group>"; };
		30FDADCD25BB5AA9006825A2 /* NestedCollectionViewUITests.xctest */ = {isa = PBXFileReference; explicitFileType = wrapper.cfbundle; includeInIndex = 0; path = NestedCollectionViewUITests.xctest; sourceTree = BUILT_PRODUCTS_DIR; };
		30FDADD125BB5AA9006825A2 /* NestedCollectionViewUITests.swift */ = {isa = PBXFileReference; lastKnownFileType = sourcecode.swift; path = NestedCollectionViewUITests.swift; sourceTree = "<group>"; };
		30FDADD325BB5AA9006825A2 /* Info.plist */ = {isa = PBXFileReference; lastKnownFileType = text.plist.xml; path = Info.plist; sourceTree = "<group>"; };
		30FDADF225BB5E76006825A2 /* SliderCell.swift */ = {isa = PBXFileReference; lastKnownFileType = sourcecode.swift; path = SliderCell.swift; sourceTree = "<group>"; };
		30FDADFD25BB6019006825A2 /* SectionCell.swift */ = {isa = PBXFileReference; lastKnownFileType = sourcecode.swift; path = SectionCell.swift; sourceTree = "<group>"; };
		30FDAE0825BB6042006825A2 /* ItemSectionCell.swift */ = {isa = PBXFileReference; lastKnownFileType = sourcecode.swift; path = ItemSectionCell.swift; sourceTree = "<group>"; };
		30FDAE0E25BB61F9006825A2 /* HomeData.swift */ = {isa = PBXFileReference; lastKnownFileType = sourcecode.swift; path = HomeData.swift; sourceTree = "<group>"; };
		30FDAE2225BB7A2B006825A2 /* SectionViewController.swift */ = {isa = PBXFileReference; lastKnownFileType = sourcecode.swift; path = SectionViewController.swift; sourceTree = "<group>"; };
		407445DEA5C847DCFE986252 /* Pods_NestedCollectionView_NestedCollectionViewUITests.framework */ = {isa = PBXFileReference; explicitFileType = wrapper.framework; includeInIndex = 0; path = Pods_NestedCollectionView_NestedCollectionViewUITests.framework; sourceTree = BUILT_PRODUCTS_DIR; };
		571F31DD5E928F30463AEFB3 /* Pods-NestedCollectionView-NestedCollectionViewUITests.release.xcconfig */ = {isa = PBXFileReference; includeInIndex = 1; lastKnownFileType = text.xcconfig; name = "Pods-NestedCollectionView-NestedCollectionViewUITests.release.xcconfig"; path = "Target Support Files/Pods-NestedCollectionView-NestedCollectionViewUITests/Pods-NestedCollectionView-NestedCollectionViewUITests.release.xcconfig"; sourceTree = "<group>"; };
		5D21F2E2C129830CA8A742D9 /* Pods-NestedCollectionViewTests.release.xcconfig */ = {isa = PBXFileReference; includeInIndex = 1; lastKnownFileType = text.xcconfig; name = "Pods-NestedCollectionViewTests.release.xcconfig"; path = "Target Support Files/Pods-NestedCollectionViewTests/Pods-NestedCollectionViewTests.release.xcconfig"; sourceTree = "<group>"; };
		683885CA6B7B3CD9EE7119BC /* Pods-NestedCollectionViewTests.debug.xcconfig */ = {isa = PBXFileReference; includeInIndex = 1; lastKnownFileType = text.xcconfig; name = "Pods-NestedCollectionViewTests.debug.xcconfig"; path = "Target Support Files/Pods-NestedCollectionViewTests/Pods-NestedCollectionViewTests.debug.xcconfig"; sourceTree = "<group>"; };
		C26CAA784789B0A044A3A583 /* Pods-NestedCollectionView.debug.xcconfig */ = {isa = PBXFileReference; includeInIndex = 1; lastKnownFileType = text.xcconfig; name = "Pods-NestedCollectionView.debug.xcconfig"; path = "Target Support Files/Pods-NestedCollectionView/Pods-NestedCollectionView.debug.xcconfig"; sourceTree = "<group>"; };
		EAFC78D8FC5A72338F9BCBAC /* Pods_NestedCollectionViewTests.framework */ = {isa = PBXFileReference; explicitFileType = wrapper.framework; includeInIndex = 0; path = Pods_NestedCollectionViewTests.framework; sourceTree = BUILT_PRODUCTS_DIR; };
		F43E76191D2B78282A01A455 /* Pods-NestedCollectionView.release.xcconfig */ = {isa = PBXFileReference; includeInIndex = 1; lastKnownFileType = text.xcconfig; name = "Pods-NestedCollectionView.release.xcconfig"; path = "Target Support Files/Pods-NestedCollectionView/Pods-NestedCollectionView.release.xcconfig"; sourceTree = "<group>"; };
/* End PBXFileReference section */

/* Begin PBXFrameworksBuildPhase section */
		30FDADA925BB5AA9006825A2 /* Frameworks */ = {
			isa = PBXFrameworksBuildPhase;
			buildActionMask = 2147483647;
			files = (
				E3394B71793B3BCA70D16B2D /* Pods_NestedCollectionView.framework in Frameworks */,
			);
			runOnlyForDeploymentPostprocessing = 0;
		};
		30FDADBF25BB5AA9006825A2 /* Frameworks */ = {
			isa = PBXFrameworksBuildPhase;
			buildActionMask = 2147483647;
			files = (
				015F43B99F6F9EE212EA9D31 /* Pods_NestedCollectionViewTests.framework in Frameworks */,
			);
			runOnlyForDeploymentPostprocessing = 0;
		};
		30FDADCA25BB5AA9006825A2 /* Frameworks */ = {
			isa = PBXFrameworksBuildPhase;
			buildActionMask = 2147483647;
			files = (
				CEA8DD490CC336D3E74B8833 /* Pods_NestedCollectionView_NestedCollectionViewUITests.framework in Frameworks */,
			);
			runOnlyForDeploymentPostprocessing = 0;
		};
/* End PBXFrameworksBuildPhase section */

/* Begin PBXGroup section */
		10A7717CD460B2EB3D782F82 /* Pods */ = {
			isa = PBXGroup;
			children = (
				C26CAA784789B0A044A3A583 /* Pods-NestedCollectionView.debug.xcconfig */,
				F43E76191D2B78282A01A455 /* Pods-NestedCollectionView.release.xcconfig */,
				1EF6AB5A12E2C4E07DB6934B /* Pods-NestedCollectionView-NestedCollectionViewUITests.debug.xcconfig */,
				571F31DD5E928F30463AEFB3 /* Pods-NestedCollectionView-NestedCollectionViewUITests.release.xcconfig */,
				683885CA6B7B3CD9EE7119BC /* Pods-NestedCollectionViewTests.debug.xcconfig */,
				5D21F2E2C129830CA8A742D9 /* Pods-NestedCollectionViewTests.release.xcconfig */,
			);
			path = Pods;
			sourceTree = "<group>";
		};
		29B50EAA4A38032C27E7BB66 /* Frameworks */ = {
			isa = PBXGroup;
			children = (
				1525430356B1129DB2AD51F2 /* Pods_NestedCollectionView.framework */,
				407445DEA5C847DCFE986252 /* Pods_NestedCollectionView_NestedCollectionViewUITests.framework */,
				EAFC78D8FC5A72338F9BCBAC /* Pods_NestedCollectionViewTests.framework */,
			);
			name = Frameworks;
			sourceTree = "<group>";
		};
		30FDADA325BB5AA8006825A2 = {
			isa = PBXGroup;
			children = (
				30FDADAE25BB5AA9006825A2 /* NestedCollectionView */,
				30FDADC525BB5AA9006825A2 /* NestedCollectionViewTests */,
				30FDADD025BB5AA9006825A2 /* NestedCollectionViewUITests */,
				30FDADAD25BB5AA9006825A2 /* Products */,
				10A7717CD460B2EB3D782F82 /* Pods */,
				29B50EAA4A38032C27E7BB66 /* Frameworks */,
			);
			sourceTree = "<group>";
		};
		30FDADAD25BB5AA9006825A2 /* Products */ = {
			isa = PBXGroup;
			children = (
				30FDADAC25BB5AA9006825A2 /* NestedCollectionView.app */,
				30FDADC225BB5AA9006825A2 /* NestedCollectionViewTests.xctest */,
				30FDADCD25BB5AA9006825A2 /* NestedCollectionViewUITests.xctest */,
			);
			name = Products;
			sourceTree = "<group>";
		};
		30FDADAE25BB5AA9006825A2 /* NestedCollectionView */ = {
			isa = PBXGroup;
			children = (
				30FDAE0D25BB61D1006825A2 /* data */,
				30FDADEE25BB5BD6006825A2 /* cells */,
				30FDADAF25BB5AA9006825A2 /* AppDelegate.swift */,
				30FDADB125BB5AA9006825A2 /* SceneDelegate.swift */,
				30FDADB325BB5AA9006825A2 /* ViewController.swift */,
				30FDADB525BB5AA9006825A2 /* Main.storyboard */,
				30FDADB825BB5AA9006825A2 /* Assets.xcassets */,
				30FDADBA25BB5AA9006825A2 /* LaunchScreen.storyboard */,
				30FDADBD25BB5AA9006825A2 /* Info.plist */,
				30FDAE2225BB7A2B006825A2 /* SectionViewController.swift */,
			);
			path = NestedCollectionView;
			sourceTree = "<group>";
		};
		30FDADC525BB5AA9006825A2 /* NestedCollectionViewTests */ = {
			isa = PBXGroup;
			children = (
				30FDADC625BB5AA9006825A2 /* NestedCollectionViewTests.swift */,
				30FDADC825BB5AA9006825A2 /* Info.plist */,
			);
			path = NestedCollectionViewTests;
			sourceTree = "<group>";
		};
		30FDADD025BB5AA9006825A2 /* NestedCollectionViewUITests */ = {
			isa = PBXGroup;
			children = (
				30FDADD125BB5AA9006825A2 /* NestedCollectionViewUITests.swift */,
				30FDADD325BB5AA9006825A2 /* Info.plist */,
			);
			path = NestedCollectionViewUITests;
			sourceTree = "<group>";
		};
		30FDADEE25BB5BD6006825A2 /* cells */ = {
			isa = PBXGroup;
			children = (
				30FDADF225BB5E76006825A2 /* SliderCell.swift */,
				30FDADFD25BB6019006825A2 /* SectionCell.swift */,
				30FDAE0825BB6042006825A2 /* ItemSectionCell.swift */,
			);
			path = cells;
			sourceTree = "<group>";
		};
		30FDAE0D25BB61D1006825A2 /* data */ = {
			isa = PBXGroup;
			children = (
				30FDAE0E25BB61F9006825A2 /* HomeData.swift */,
			);
			path = data;
			sourceTree = "<group>";
		};
/* End PBXGroup section */

/* Begin PBXNativeTarget section */
		30FDADAB25BB5AA9006825A2 /* NestedCollectionView */ = {
			isa = PBXNativeTarget;
			buildConfigurationList = 30FDADD625BB5AA9006825A2 /* Build configuration list for PBXNativeTarget "NestedCollectionView" */;
			buildPhases = (
				D11408BD2DA57B7086FF9948 /* [CP] Check Pods Manifest.lock */,
				30FDADA825BB5AA9006825A2 /* Sources */,
				30FDADA925BB5AA9006825A2 /* Frameworks */,
				30FDADAA25BB5AA9006825A2 /* Resources */,
				4B303AAD4D0383A86A18FECE /* [CP] Embed Pods Frameworks */,
			);
			buildRules = (
			);
			dependencies = (
			);
			name = NestedCollectionView;
			productName = NestedCollectionView;
			productReference = 30FDADAC25BB5AA9006825A2 /* NestedCollectionView.app */;
			productType = "com.apple.product-type.application";
		};
		30FDADC125BB5AA9006825A2 /* NestedCollectionViewTests */ = {
			isa = PBXNativeTarget;
			buildConfigurationList = 30FDADD925BB5AA9006825A2 /* Build configuration list for PBXNativeTarget "NestedCollectionViewTests" */;
			buildPhases = (
				A8A1D4C1E196B37912C4C071 /* [CP] Check Pods Manifest.lock */,
				30FDADBE25BB5AA9006825A2 /* Sources */,
				30FDADBF25BB5AA9006825A2 /* Frameworks */,
				30FDADC025BB5AA9006825A2 /* Resources */,
			);
			buildRules = (
			);
			dependencies = (
				30FDADC425BB5AA9006825A2 /* PBXTargetDependency */,
			);
			name = NestedCollectionViewTests;
			productName = NestedCollectionViewTests;
			productReference = 30FDADC225BB5AA9006825A2 /* NestedCollectionViewTests.xctest */;
			productType = "com.apple.product-type.bundle.unit-test";
		};
		30FDADCC25BB5AA9006825A2 /* NestedCollectionViewUITests */ = {
			isa = PBXNativeTarget;
			buildConfigurationList = 30FDADDC25BB5AA9006825A2 /* Build configuration list for PBXNativeTarget "NestedCollectionViewUITests" */;
			buildPhases = (
				5E7CB3FF93661D6082959C24 /* [CP] Check Pods Manifest.lock */,
				30FDADC925BB5AA9006825A2 /* Sources */,
				30FDADCA25BB5AA9006825A2 /* Frameworks */,
				30FDADCB25BB5AA9006825A2 /* Resources */,
				1C4E02FF74AE6131AA601545 /* [CP] Embed Pods Frameworks */,
			);
			buildRules = (
			);
			dependencies = (
				30FDADCF25BB5AA9006825A2 /* PBXTargetDependency */,
			);
			name = NestedCollectionViewUITests;
			productName = NestedCollectionViewUITests;
			productReference = 30FDADCD25BB5AA9006825A2 /* NestedCollectionViewUITests.xctest */;
			productType = "com.apple.product-type.bundle.ui-testing";
		};
/* End PBXNativeTarget section */

/* Begin PBXProject section */
		30FDADA425BB5AA8006825A2 /* Project object */ = {
			isa = PBXProject;
			attributes = {
				LastSwiftUpdateCheck = 1200;
				LastUpgradeCheck = 1200;
				TargetAttributes = {
					30FDADAB25BB5AA9006825A2 = {
						CreatedOnToolsVersion = 12.0.1;
					};
					30FDADC125BB5AA9006825A2 = {
						CreatedOnToolsVersion = 12.0.1;
						TestTargetID = 30FDADAB25BB5AA9006825A2;
					};
					30FDADCC25BB5AA9006825A2 = {
						CreatedOnToolsVersion = 12.0.1;
						TestTargetID = 30FDADAB25BB5AA9006825A2;
					};
				};
			};
			buildConfigurationList = 30FDADA725BB5AA8006825A2 /* Build configuration list for PBXProject "NestedCollectionView" */;
			compatibilityVersion = "Xcode 9.3";
			developmentRegion = en;
			hasScannedForEncodings = 0;
			knownRegions = (
				en,
				Base,
			);
			mainGroup = 30FDADA325BB5AA8006825A2;
			productRefGroup = 30FDADAD25BB5AA9006825A2 /* Products */;
			projectDirPath = "";
			projectRoot = "";
			targets = (
				30FDADAB25BB5AA9006825A2 /* NestedCollectionView */,
				30FDADC125BB5AA9006825A2 /* NestedCollectionViewTests */,
				30FDADCC25BB5AA9006825A2 /* NestedCollectionViewUITests */,
			);
		};
/* End PBXProject section */

/* Begin PBXResourcesBuildPhase section */
		30FDADAA25BB5AA9006825A2 /* Resources */ = {
			isa = PBXResourcesBuildPhase;
			buildActionMask = 2147483647;
			files = (
				30FDADBC25BB5AA9006825A2 /* LaunchScreen.storyboard in Resources */,
				30FDADB925BB5AA9006825A2 /* Assets.xcassets in Resources */,
				30FDADB725BB5AA9006825A2 /* Main.storyboard in Resources */,
			);
			runOnlyForDeploymentPostprocessing = 0;
		};
		30FDADC025BB5AA9006825A2 /* Resources */ = {
			isa = PBXResourcesBuildPhase;
			buildActionMask = 2147483647;
			files = (
			);
			runOnlyForDeploymentPostprocessing = 0;
		};
		30FDADCB25BB5AA9006825A2 /* Resources */ = {
			isa = PBXResourcesBuildPhase;
			buildActionMask = 2147483647;
			files = (
			);
			runOnlyForDeploymentPostprocessing = 0;
		};
/* End PBXResourcesBuildPhase section */

/* Begin PBXShellScriptBuildPhase section */
		1C4E02FF74AE6131AA601545 /* [CP] Embed Pods Frameworks */ = {
			isa = PBXShellScriptBuildPhase;
			buildActionMask = 2147483647;
			files = (
			);
			inputFileListPaths = (
				"${PODS_ROOT}/Target Support Files/Pods-NestedCollectionView-NestedCollectionViewUITests/Pods-NestedCollectionView-NestedCollectionViewUITests-frameworks-${CONFIGURATION}-input-files.xcfilelist",
			);
			name = "[CP] Embed Pods Frameworks";
			outputFileListPaths = (
				"${PODS_ROOT}/Target Support Files/Pods-NestedCollectionView-NestedCollectionViewUITests/Pods-NestedCollectionView-NestedCollectionViewUITests-frameworks-${CONFIGURATION}-output-files.xcfilelist",
			);
			runOnlyForDeploymentPostprocessing = 0;
			shellPath = /bin/sh;
			shellScript = "\"${PODS_ROOT}/Target Support Files/Pods-NestedCollectionView-NestedCollectionViewUITests/Pods-NestedCollectionView-NestedCollectionViewUITests-frameworks.sh\"\n";
			showEnvVarsInLog = 0;
		};
		4B303AAD4D0383A86A18FECE /* [CP] Embed Pods Frameworks */ = {
			isa = PBXShellScriptBuildPhase;
			buildActionMask = 2147483647;
			files = (
			);
			inputFileListPaths = (
				"${PODS_ROOT}/Target Support Files/Pods-NestedCollectionView/Pods-NestedCollectionView-frameworks-${CONFIGURATION}-input-files.xcfilelist",
			);
			name = "[CP] Embed Pods Frameworks";
			outputFileListPaths = (
				"${PODS_ROOT}/Target Support Files/Pods-NestedCollectionView/Pods-NestedCollectionView-frameworks-${CONFIGURATION}-output-files.xcfilelist",
			);
			runOnlyForDeploymentPostprocessing = 0;
			shellPath = /bin/sh;
			shellScript = "\"${PODS_ROOT}/Target Support Files/Pods-NestedCollectionView/Pods-NestedCollectionView-frameworks.sh\"\n";
			showEnvVarsInLog = 0;
		};
		5E7CB3FF93661D6082959C24 /* [CP] Check Pods Manifest.lock */ = {
			isa = PBXShellScriptBuildPhase;
			buildActionMask = 2147483647;
			files = (
			);
			inputFileListPaths = (
			);
			inputPaths = (
				"${PODS_PODFILE_DIR_PATH}/Podfile.lock",
				"${PODS_ROOT}/Manifest.lock",
			);
			name = "[CP] Check Pods Manifest.lock";
			outputFileListPaths = (
			);
			outputPaths = (
				"$(DERIVED_FILE_DIR)/Pods-NestedCollectionView-NestedCollectionViewUITests-checkManifestLockResult.txt",
			);
			runOnlyForDeploymentPostprocessing = 0;
			shellPath = /bin/sh;
			shellScript = "diff \"${PODS_PODFILE_DIR_PATH}/Podfile.lock\" \"${PODS_ROOT}/Manifest.lock\" > /dev/null\nif [ $? != 0 ] ; then\n    # print error to STDERR\n    echo \"error: The sandbox is not in sync with the Podfile.lock. Run 'pod install' or update your CocoaPods installation.\" >&2\n    exit 1\nfi\n# This output is used by Xcode 'outputs' to avoid re-running this script phase.\necho \"SUCCESS\" > \"${SCRIPT_OUTPUT_FILE_0}\"\n";
			showEnvVarsInLog = 0;
		};
		A8A1D4C1E196B37912C4C071 /* [CP] Check Pods Manifest.lock */ = {
			isa = PBXShellScriptBuildPhase;
			buildActionMask = 2147483647;
			files = (
			);
			inputFileListPaths = (
			);
			inputPaths = (
				"${PODS_PODFILE_DIR_PATH}/Podfile.lock",
				"${PODS_ROOT}/Manifest.lock",
			);
			name = "[CP] Check Pods Manifest.lock";
			outputFileListPaths = (
			);
			outputPaths = (
				"$(DERIVED_FILE_DIR)/Pods-NestedCollectionViewTests-checkManifestLockResult.txt",
			);
			runOnlyForDeploymentPostprocessing = 0;
			shellPath = /bin/sh;
			shellScript = "diff \"${PODS_PODFILE_DIR_PATH}/Podfile.lock\" \"${PODS_ROOT}/Manifest.lock\" > /dev/null\nif [ $? != 0 ] ; then\n    # print error to STDERR\n    echo \"error: The sandbox is not in sync with the Podfile.lock. Run 'pod install' or update your CocoaPods installation.\" >&2\n    exit 1\nfi\n# This output is used by Xcode 'outputs' to avoid re-running this script phase.\necho \"SUCCESS\" > \"${SCRIPT_OUTPUT_FILE_0}\"\n";
			showEnvVarsInLog = 0;
		};
		D11408BD2DA57B7086FF9948 /* [CP] Check Pods Manifest.lock */ = {
			isa = PBXShellScriptBuildPhase;
			buildActionMask = 2147483647;
			files = (
			);
			inputFileListPaths = (
			);
			inputPaths = (
				"${PODS_PODFILE_DIR_PATH}/Podfile.lock",
				"${PODS_ROOT}/Manifest.lock",
			);
			name = "[CP] Check Pods Manifest.lock";
			outputFileListPaths = (
			);
			outputPaths = (
				"$(DERIVED_FILE_DIR)/Pods-NestedCollectionView-checkManifestLockResult.txt",
			);
			runOnlyForDeploymentPostprocessing = 0;
			shellPath = /bin/sh;
			shellScript = "diff \"${PODS_PODFILE_DIR_PATH}/Podfile.lock\" \"${PODS_ROOT}/Manifest.lock\" > /dev/null\nif [ $? != 0 ] ; then\n    # print error to STDERR\n    echo \"error: The sandbox is not in sync with the Podfile.lock. Run 'pod install' or update your CocoaPods installation.\" >&2\n    exit 1\nfi\n# This output is used by Xcode 'outputs' to avoid re-running this script phase.\necho \"SUCCESS\" > \"${SCRIPT_OUTPUT_FILE_0}\"\n";
			showEnvVarsInLog = 0;
		};
/* End PBXShellScriptBuildPhase section */

/* Begin PBXSourcesBuildPhase section */
		30FDADA825BB5AA9006825A2 /* Sources */ = {
			isa = PBXSourcesBuildPhase;
			buildActionMask = 2147483647;
			files = (
				30FDADB425BB5AA9006825A2 /* ViewController.swift in Sources */,
				30FDAE0925BB6042006825A2 /* ItemSectionCell.swift in Sources */,
				30FDAE2325BB7A2B006825A2 /* SectionViewController.swift in Sources */,
				30FDADB025BB5AA9006825A2 /* AppDelegate.swift in Sources */,
				30FDAE0F25BB61F9006825A2 /* HomeData.swift in Sources */,
				30FDADFE25BB6019006825A2 /* SectionCell.swift in Sources */,
				30FDADF325BB5E76006825A2 /* SliderCell.swift in Sources */,
				30FDADB225BB5AA9006825A2 /* SceneDelegate.swift in Sources */,
			);
			runOnlyForDeploymentPostprocessing = 0;
		};
		30FDADBE25BB5AA9006825A2 /* Sources */ = {
			isa = PBXSourcesBuildPhase;
			buildActionMask = 2147483647;
			files = (
				30FDADC725BB5AA9006825A2 /* NestedCollectionViewTests.swift in Sources */,
			);
			runOnlyForDeploymentPostprocessing = 0;
		};
		30FDADC925BB5AA9006825A2 /* Sources */ = {
			isa = PBXSourcesBuildPhase;
			buildActionMask = 2147483647;
			files = (
				30FDADD225BB5AA9006825A2 /* NestedCollectionViewUITests.swift in Sources */,
			);
			runOnlyForDeploymentPostprocessing = 0;
		};
/* End PBXSourcesBuildPhase section */

/* Begin PBXTargetDependency section */
		30FDADC425BB5AA9006825A2 /* PBXTargetDependency */ = {
			isa = PBXTargetDependency;
			target = 30FDADAB25BB5AA9006825A2 /* NestedCollectionView */;
			targetProxy = 30FDADC325BB5AA9006825A2 /* PBXContainerItemProxy */;
		};
		30FDADCF25BB5AA9006825A2 /* PBXTargetDependency */ = {
			isa = PBXTargetDependency;
			target = 30FDADAB25BB5AA9006825A2 /* NestedCollectionView */;
			targetProxy = 30FDADCE25BB5AA9006825A2 /* PBXContainerItemProxy */;
		};
/* End PBXTargetDependency section */

/* Begin PBXVariantGroup section */
		30FDADB525BB5AA9006825A2 /* Main.storyboard */ = {
			isa = PBXVariantGroup;
			children = (
				30FDADB625BB5AA9006825A2 /* Base */,
			);
			name = Main.storyboard;
			sourceTree = "<group>";
		};
		30FDADBA25BB5AA9006825A2 /* LaunchScreen.storyboard */ = {
			isa = PBXVariantGroup;
			children = (
				30FDADBB25BB5AA9006825A2 /* Base */,
			);
			name = LaunchScreen.storyboard;
			sourceTree = "<group>";
		};
/* End PBXVariantGroup section */

/* Begin XCBuildConfiguration section */
		30FDADD425BB5AA9006825A2 /* Debug */ = {
			isa = XCBuildConfiguration;
			buildSettings = {
				ALWAYS_SEARCH_USER_PATHS = NO;
				CLANG_ANALYZER_NONNULL = YES;
				CLANG_ANALYZER_NUMBER_OBJECT_CONVERSION = YES_AGGRESSIVE;
				CLANG_CXX_LANGUAGE_STANDARD = "gnu++14";
				CLANG_CXX_LIBRARY = "libc++";
				CLANG_ENABLE_MODULES = YES;
				CLANG_ENABLE_OBJC_ARC = YES;
				CLANG_ENABLE_OBJC_WEAK = YES;
				CLANG_WARN_BLOCK_CAPTURE_AUTORELEASING = YES;
				CLANG_WARN_BOOL_CONVERSION = YES;
				CLANG_WARN_COMMA = YES;
				CLANG_WARN_CONSTANT_CONVERSION = YES;
				CLANG_WARN_DEPRECATED_OBJC_IMPLEMENTATIONS = YES;
				CLANG_WARN_DIRECT_OBJC_ISA_USAGE = YES_ERROR;
				CLANG_WARN_DOCUMENTATION_COMMENTS = YES;
				CLANG_WARN_EMPTY_BODY = YES;
				CLANG_WARN_ENUM_CONVERSION = YES;
				CLANG_WARN_INFINITE_RECURSION = YES;
				CLANG_WARN_INT_CONVERSION = YES;
				CLANG_WARN_NON_LITERAL_NULL_CONVERSION = YES;
				CLANG_WARN_OBJC_IMPLICIT_RETAIN_SELF = YES;
				CLANG_WARN_OBJC_LITERAL_CONVERSION = YES;
				CLANG_WARN_OBJC_ROOT_CLASS = YES_ERROR;
				CLANG_WARN_QUOTED_INCLUDE_IN_FRAMEWORK_HEADER = YES;
				CLANG_WARN_RANGE_LOOP_ANALYSIS = YES;
				CLANG_WARN_STRICT_PROTOTYPES = YES;
				CLANG_WARN_SUSPICIOUS_MOVE = YES;
				CLANG_WARN_UNGUARDED_AVAILABILITY = YES_AGGRESSIVE;
				CLANG_WARN_UNREACHABLE_CODE = YES;
				CLANG_WARN__DUPLICATE_METHOD_MATCH = YES;
				COPY_PHASE_STRIP = NO;
				DEBUG_INFORMATION_FORMAT = dwarf;
				ENABLE_STRICT_OBJC_MSGSEND = YES;
				ENABLE_TESTABILITY = YES;
				GCC_C_LANGUAGE_STANDARD = gnu11;
				GCC_DYNAMIC_NO_PIC = NO;
				GCC_NO_COMMON_BLOCKS = YES;
				GCC_OPTIMIZATION_LEVEL = 0;
				GCC_PREPROCESSOR_DEFINITIONS = (
					"DEBUG=1",
					"$(inherited)",
				);
				GCC_WARN_64_TO_32_BIT_CONVERSION = YES;
				GCC_WARN_ABOUT_RETURN_TYPE = YES_ERROR;
				GCC_WARN_UNDECLARED_SELECTOR = YES;
				GCC_WARN_UNINITIALIZED_AUTOS = YES_AGGRESSIVE;
				GCC_WARN_UNUSED_FUNCTION = YES;
				GCC_WARN_UNUSED_VARIABLE = YES;
				IPHONEOS_DEPLOYMENT_TARGET = 14.0;
				MTL_ENABLE_DEBUG_INFO = INCLUDE_SOURCE;
				MTL_FAST_MATH = YES;
				ONLY_ACTIVE_ARCH = YES;
				SDKROOT = iphoneos;
				SWIFT_ACTIVE_COMPILATION_CONDITIONS = DEBUG;
				SWIFT_OPTIMIZATION_LEVEL = "-Onone";
			};
			name = Debug;
		};
		30FDADD525BB5AA9006825A2 /* Release */ = {
			isa = XCBuildConfiguration;
			buildSettings = {
				ALWAYS_SEARCH_USER_PATHS = NO;
				CLANG_ANALYZER_NONNULL = YES;
				CLANG_ANALYZER_NUMBER_OBJECT_CONVERSION = YES_AGGRESSIVE;
				CLANG_CXX_LANGUAGE_STANDARD = "gnu++14";
				CLANG_CXX_LIBRARY = "libc++";
				CLANG_ENABLE_MODULES = YES;
				CLANG_ENABLE_OBJC_ARC = YES;
				CLANG_ENABLE_OBJC_WEAK = YES;
				CLANG_WARN_BLOCK_CAPTURE_AUTORELEASING = YES;
				CLANG_WARN_BOOL_CONVERSION = YES;
				CLANG_WARN_COMMA = YES;
				CLANG_WARN_CONSTANT_CONVERSION = YES;
				CLANG_WARN_DEPRECATED_OBJC_IMPLEMENTATIONS = YES;
				CLANG_WARN_DIRECT_OBJC_ISA_USAGE = YES_ERROR;
				CLANG_WARN_DOCUMENTATION_COMMENTS = YES;
				CLANG_WARN_EMPTY_BODY = YES;
				CLANG_WARN_ENUM_CONVERSION = YES;
				CLANG_WARN_INFINITE_RECURSION = YES;
				CLANG_WARN_INT_CONVERSION = YES;
				CLANG_WARN_NON_LITERAL_NULL_CONVERSION = YES;
				CLANG_WARN_OBJC_IMPLICIT_RETAIN_SELF = YES;
				CLANG_WARN_OBJC_LITERAL_CONVERSION = YES;
				CLANG_WARN_OBJC_ROOT_CLASS = YES_ERROR;
				CLANG_WARN_QUOTED_INCLUDE_IN_FRAMEWORK_HEADER = YES;
				CLANG_WARN_RANGE_LOOP_ANALYSIS = YES;
				CLANG_WARN_STRICT_PROTOTYPES = YES;
				CLANG_WARN_SUSPICIOUS_MOVE = YES;
				CLANG_WARN_UNGUARDED_AVAILABILITY = YES_AGGRESSIVE;
				CLANG_WARN_UNREACHABLE_CODE = YES;
				CLANG_WARN__DUPLICATE_METHOD_MATCH = YES;
				COPY_PHASE_STRIP = NO;
				DEBUG_INFORMATION_FORMAT = "dwarf-with-dsym";
				ENABLE_NS_ASSERTIONS = NO;
				ENABLE_STRICT_OBJC_MSGSEND = YES;
				GCC_C_LANGUAGE_STANDARD = gnu11;
				GCC_NO_COMMON_BLOCKS = YES;
				GCC_WARN_64_TO_32_BIT_CONVERSION = YES;
				GCC_WARN_ABOUT_RETURN_TYPE = YES_ERROR;
				GCC_WARN_UNDECLARED_SELECTOR = YES;
				GCC_WARN_UNINITIALIZED_AUTOS = YES_AGGRESSIVE;
				GCC_WARN_UNUSED_FUNCTION = YES;
				GCC_WARN_UNUSED_VARIABLE = YES;
				IPHONEOS_DEPLOYMENT_TARGET = 14.0;
				MTL_ENABLE_DEBUG_INFO = NO;
				MTL_FAST_MATH = YES;
				SDKROOT = iphoneos;
				SWIFT_COMPILATION_MODE = wholemodule;
				SWIFT_OPTIMIZATION_LEVEL = "-O";
				VALIDATE_PRODUCT = YES;
			};
			name = Release;
		};
		30FDADD725BB5AA9006825A2 /* Debug */ = {
			isa = XCBuildConfiguration;
			baseConfigurationReference = C26CAA784789B0A044A3A583 /* Pods-NestedCollectionView.debug.xcconfig */;
			buildSettings = {
				ASSETCATALOG_COMPILER_APPICON_NAME = AppIcon;
				ASSETCATALOG_COMPILER_GLOBAL_ACCENT_COLOR_NAME = AccentColor;
				CODE_SIGN_STYLE = Automatic;
				DEVELOPMENT_TEAM = FXUB54ZT5B;
				INFOPLIST_FILE = NestedCollectionView/Info.plist;
				LD_RUNPATH_SEARCH_PATHS = (
					"$(inherited)",
					"@executable_path/Frameworks",
				);
				PRODUCT_BUNDLE_IDENTIFIER = com.waked.NestedCollectionView;
				PRODUCT_NAME = "$(TARGET_NAME)";
				SWIFT_VERSION = 5.0;
				TARGETED_DEVICE_FAMILY = "1,2";
			};
			name = Debug;
		};
		30FDADD825BB5AA9006825A2 /* Release */ = {
			isa = XCBuildConfiguration;
			baseConfigurationReference = F43E76191D2B78282A01A455 /* Pods-NestedCollectionView.release.xcconfig */;
			buildSettings = {
				ASSETCATALOG_COMPILER_APPICON_NAME = AppIcon;
				ASSETCATALOG_COMPILER_GLOBAL_ACCENT_COLOR_NAME = AccentColor;
				CODE_SIGN_STYLE = Automatic;
				DEVELOPMENT_TEAM = FXUB54ZT5B;
				INFOPLIST_FILE = NestedCollectionView/Info.plist;
				LD_RUNPATH_SEARCH_PATHS = (
					"$(inherited)",
					"@executable_path/Frameworks",
				);
				PRODUCT_BUNDLE_IDENTIFIER = com.waked.NestedCollectionView;
				PRODUCT_NAME = "$(TARGET_NAME)";
				SWIFT_VERSION = 5.0;
				TARGETED_DEVICE_FAMILY = "1,2";
			};
			name = Release;
		};
		30FDADDA25BB5AA9006825A2 /* Debug */ = {
			isa = XCBuildConfiguration;
			baseConfigurationReference = 683885CA6B7B3CD9EE7119BC /* Pods-NestedCollectionViewTests.debug.xcconfig */;
			buildSettings = {
				ALWAYS_EMBED_SWIFT_STANDARD_LIBRARIES = YES;
				BUNDLE_LOADER = "$(TEST_HOST)";
				CODE_SIGN_STYLE = Automatic;
				DEVELOPMENT_TEAM = FXUB54ZT5B;
				INFOPLIST_FILE = NestedCollectionViewTests/Info.plist;
				IPHONEOS_DEPLOYMENT_TARGET = 14.0;
				LD_RUNPATH_SEARCH_PATHS = (
					"$(inherited)",
					"@executable_path/Frameworks",
					"@loader_path/Frameworks",
				);
				PRODUCT_BUNDLE_IDENTIFIER = com.waked.NestedCollectionViewTests;
				PRODUCT_NAME = "$(TARGET_NAME)";
				SWIFT_VERSION = 5.0;
				TARGETED_DEVICE_FAMILY = "1,2";
				TEST_HOST = "$(BUILT_PRODUCTS_DIR)/NestedCollectionView.app/NestedCollectionView";
			};
			name = Debug;
		};
		30FDADDB25BB5AA9006825A2 /* Release */ = {
			isa = XCBuildConfiguration;
			baseConfigurationReference = 5D21F2E2C129830CA8A742D9 /* Pods-NestedCollectionViewTests.release.xcconfig */;
			buildSettings = {
				ALWAYS_EMBED_SWIFT_STANDARD_LIBRARIES = YES;
				BUNDLE_LOADER = "$(TEST_HOST)";
				CODE_SIGN_STYLE = Automatic;
				DEVELOPMENT_TEAM = FXUB54ZT5B;
				INFOPLIST_FILE = NestedCollectionViewTests/Info.plist;
				IPHONEOS_DEPLOYMENT_TARGET = 14.0;
				LD_RUNPATH_SEARCH_PATHS = (
					"$(inherited)",
					"@executable_path/Frameworks",
					"@loader_path/Frameworks",
				);
				PRODUCT_BUNDLE_IDENTIFIER = com.waked.NestedCollectionViewTests;
				PRODUCT_NAME = "$(TARGET_NAME)";
				SWIFT_VERSION = 5.0;
				TARGETED_DEVICE_FAMILY = "1,2";
				TEST_HOST = "$(BUILT_PRODUCTS_DIR)/NestedCollectionView.app/NestedCollectionView";
			};
			name = Release;
		};
		30FDADDD25BB5AA9006825A2 /* Debug */ = {
			isa = XCBuildConfiguration;
			baseConfigurationReference = 1EF6AB5A12E2C4E07DB6934B /* Pods-NestedCollectionView-NestedCollectionViewUITests.debug.xcconfig */;
			buildSettings = {
				ALWAYS_EMBED_SWIFT_STANDARD_LIBRARIES = YES;
				CODE_SIGN_STYLE = Automatic;
				DEVELOPMENT_TEAM = FXUB54ZT5B;
				INFOPLIST_FILE = NestedCollectionViewUITests/Info.plist;
				LD_RUNPATH_SEARCH_PATHS = (
					"$(inherited)",
					"@executable_path/Frameworks",
					"@loader_path/Frameworks",
				);
				PRODUCT_BUNDLE_IDENTIFIER = com.waked.NestedCollectionViewUITests;
				PRODUCT_NAME = "$(TARGET_NAME)";
				SWIFT_VERSION = 5.0;
				TARGETED_DEVICE_FAMILY = "1,2";
				TEST_TARGET_NAME = NestedCollectionView;
			};
			name = Debug;
		};
		30FDADDE25BB5AA9006825A2 /* Release */ = {
			isa = XCBuildConfiguration;
			baseConfigurationReference = 571F31DD5E928F30463AEFB3 /* Pods-NestedCollectionView-NestedCollectionViewUITests.release.xcconfig */;
			buildSettings = {
				ALWAYS_EMBED_SWIFT_STANDARD_LIBRARIES = YES;
				CODE_SIGN_STYLE = Automatic;
				DEVELOPMENT_TEAM = FXUB54ZT5B;
				INFOPLIST_FILE = NestedCollectionViewUITests/Info.plist;
				LD_RUNPATH_SEARCH_PATHS = (
					"$(inherited)",
					"@executable_path/Frameworks",
					"@loader_path/Frameworks",
				);
				PRODUCT_BUNDLE_IDENTIFIER = com.waked.NestedCollectionViewUITests;
				PRODUCT_NAME = "$(TARGET_NAME)";
				SWIFT_VERSION = 5.0;
				TARGETED_DEVICE_FAMILY = "1,2";
				TEST_TARGET_NAME = NestedCollectionView;
			};
			name = Release;
		};
/* End XCBuildConfiguration section */

/* Begin XCConfigurationList section */
		30FDADA725BB5AA8006825A2 /* Build configuration list for PBXProject "NestedCollectionView" */ = {
			isa = XCConfigurationList;
			buildConfigurations = (
				30FDADD425BB5AA9006825A2 /* Debug */,
				30FDADD525BB5AA9006825A2 /* Release */,
			);
			defaultConfigurationIsVisible = 0;
			defaultConfigurationName = Release;
		};
		30FDADD625BB5AA9006825A2 /* Build configuration list for PBXNativeTarget "NestedCollectionView" */ = {
			isa = XCConfigurationList;
			buildConfigurations = (
				30FDADD725BB5AA9006825A2 /* Debug */,
				30FDADD825BB5AA9006825A2 /* Release */,
			);
			defaultConfigurationIsVisible = 0;
			defaultConfigurationName = Release;
		};
		30FDADD925BB5AA9006825A2 /* Build configuration list for PBXNativeTarget "NestedCollectionViewTests" */ = {
			isa = XCConfigurationList;
			buildConfigurations = (
				30FDADDA25BB5AA9006825A2 /* Debug */,
				30FDADDB25BB5AA9006825A2 /* Release */,
			);
			defaultConfigurationIsVisible = 0;
			defaultConfigurationName = Release;
		};
		30FDADDC25BB5AA9006825A2 /* Build configuration list for PBXNativeTarget "NestedCollectionViewUITests" */ = {
			isa = XCConfigurationList;
			buildConfigurations = (
				30FDADDD25BB5AA9006825A2 /* Debug */,
				30FDADDE25BB5AA9006825A2 /* Release */,
			);
			defaultConfigurationIsVisible = 0;
			defaultConfigurationName = Release;
		};
/* End XCConfigurationList section */
	};
	rootObject = 30FDADA425BB5AA8006825A2 /* Project object */;
}
